
Microsoft Visual Studio Solution File, Format Version 12.00
# Visual Studio Version 17
VisualStudioVersion = 17.5.33530.505
MinimumVisualStudioVersion = 10.0.40219.1
Project("{FAE04EC0-301F-11D3-BF4B-00C04F79EFBC}") = "ASP.NET API", "ASP.NET API.csproj", "{8D4B500A-23FD-472D-9DB7-C62AC2A42EC0}"
EndProject
Global
	GlobalSection(SolutionConfigurationPlatforms) = preSolution
		Debug|Any CPU = Debug|Any CPU
		Release|Any CPU = Release|Any CPU
	EndGlobalSection
	GlobalSection(ProjectConfigurationPlatforms) = postSolution
		{8D4B500A-23FD-472D-9DB7-C62AC2A42EC0}.Debug|Any CPU.ActiveCfg = Debug|Any CPU
		{8D4B500A-23FD-472D-9DB7-C62AC2A42EC0}.Debug|Any CPU.Build.0 = Debug|Any CPU
		{8D4B500A-23FD-472D-9DB7-C62AC2A42EC0}.Release|Any CPU.ActiveCfg = Release|Any CPU
		{8D4B500A-23FD-472D-9DB7-C62AC2A42EC0}.Release|Any CPU.Build.0 = Release|Any CPU
	EndGlobalSection
	GlobalSection(SolutionProperties) = preSolution
		HideSolutionNode = FALSE
	EndGlobalSection
	GlobalSection(ExtensibilityGlobals) = postSolution
		SolutionGuid = {21429F04-3228-4467-B313-C14B7BB05FF2}
	EndGlobalSection
EndGlobal
